
Microsoft Visual Studio Solution File, Format Version 12.00
# Visual Studio Version 17
VisualStudioVersion = 17.11.35327.3
MinimumVisualStudioVersion = 10.0.40219.1
Project("{8BC9CEB8-8B4A-11D0-8D11-00A0C91BC942}") = "Arrays", "Arrays\Arrays.vcxproj", "{E5277591-2025-4C56-9501-0516AE8DD4EB}"
EndProject
Project("{8BC9CEB8-8B4A-11D0-8D11-00A0C91BC942}") = "Shift", "Shift\Shift.vcxproj", "{151514AF-8632-408A-A8AE-82437DCA1714}"
EndProject
Project("{8BC9CEB8-8B4A-11D0-8D11-00A0C91BC942}") = "Numeric", "Numeric\Numeric.vcxproj", "{80EEAD2F-127B-4769-AE91-7649F3CD92B2}"
EndProject
Project("{8BC9CEB8-8B4A-11D0-8D11-00A0C91BC942}") = "2Darrays", "2Darrays\2Darrays.vcxproj", "{0E7A0F22-6E99-4568-9561-E812B9AEEB87}"
EndProject
Project("{8BC9CEB8-8B4A-11D0-8D11-00A0C91BC942}") = "Unique", "Unique\Unique.vcxproj", "{42E07980-740E-437D-9829-4A4961989176}"
EndProject
Project("{8BC9CEB8-8B4A-11D0-8D11-00A0C91BC942}") = "Repeats", "Repeats\Repeats.vcxproj", "{7E48B81F-F786-4D72-A07B-1722FACD7A0B}"
EndProject
Project("{8BC9CEB8-8B4A-11D0-8D11-00A0C91BC942}") = "Unique2", "Unique2\Unique2.vcxproj", "{4929DF24-DFEC-479B-9EF8-024760772F01}"
EndProject
Project("{8BC9CEB8-8B4A-11D0-8D11-00A0C91BC942}") = "Repeats2", "Repeats2\Repeats2.vcxproj", "{5C870386-688E-402E-9593-2D3F42DA27AD}"
EndProject
Global
	GlobalSection(SolutionConfigurationPlatforms) = preSolution
		Debug|x64 = Debug|x64
		Debug|x86 = Debug|x86
		Release|x64 = Release|x64
		Release|x86 = Release|x86
	EndGlobalSection
	GlobalSection(ProjectConfigurationPlatforms) = postSolution
		{E5277591-2025-4C56-9501-0516AE8DD4EB}.Debug|x64.ActiveCfg = Debug|x64
		{E5277591-2025-4C56-9501-0516AE8DD4EB}.Debug|x64.Build.0 = Debug|x64
		{E5277591-2025-4C56-9501-0516AE8DD4EB}.Debug|x86.ActiveCfg = Debug|Win32
		{E5277591-2025-4C56-9501-0516AE8DD4EB}.Debug|x86.Build.0 = Debug|Win32
		{E5277591-2025-4C56-9501-0516AE8DD4EB}.Release|x64.ActiveCfg = Release|x64
		{E5277591-2025-4C56-9501-0516AE8DD4EB}.Release|x64.Build.0 = Release|x64
		{E5277591-2025-4C56-9501-0516AE8DD4EB}.Release|x86.ActiveCfg = Release|Win32
		{E5277591-2025-4C56-9501-0516AE8DD4EB}.Release|x86.Build.0 = Release|Win32
		{151514AF-8632-408A-A8AE-82437DCA1714}.Debug|x64.ActiveCfg = Debug|x64
		{151514AF-8632-408A-A8AE-82437DCA1714}.Debug|x64.Build.0 = Debug|x64
		{151514AF-8632-408A-A8AE-82437DCA1714}.Debug|x86.ActiveCfg = Debug|Win32
		{151514AF-8632-408A-A8AE-82437DCA1714}.Debug|x86.Build.0 = Debug|Win32
		{151514AF-8632-408A-A8AE-82437DCA1714}.Release|x64.ActiveCfg = Release|x64
		{151514AF-8632-408A-A8AE-82437DCA1714}.Release|x64.Build.0 = Release|x64
		{151514AF-8632-408A-A8AE-82437DCA1714}.Release|x86.ActiveCfg = Release|Win32
		{151514AF-8632-408A-A8AE-82437DCA1714}.Release|x86.Build.0 = Release|Win32
		{80EEAD2F-127B-4769-AE91-7649F3CD92B2}.Debug|x64.ActiveCfg = Debug|x64
		{80EEAD2F-127B-4769-AE91-7649F3CD92B2}.Debug|x64.Build.0 = Debug|x64
		{80EEAD2F-127B-4769-AE91-7649F3CD92B2}.Debug|x86.ActiveCfg = Debug|Win32
		{80EEAD2F-127B-4769-AE91-7649F3CD92B2}.Debug|x86.Build.0 = Debug|Win32
		{80EEAD2F-127B-4769-AE91-7649F3CD92B2}.Release|x64.ActiveCfg = Release|x64
		{80EEAD2F-127B-4769-AE91-7649F3CD92B2}.Release|x64.Build.0 = Release|x64
		{80EEAD2F-127B-4769-AE91-7649F3CD92B2}.Release|x86.ActiveCfg = Release|Win32
		{80EEAD2F-127B-4769-AE91-7649F3CD92B2}.Release|x86.Build.0 = Release|Win32
		{0E7A0F22-6E99-4568-9561-E812B9AEEB87}.Debug|x64.ActiveCfg = Debug|x64
		{0E7A0F22-6E99-4568-9561-E812B9AEEB87}.Debug|x64.Build.0 = Debug|x64
		{0E7A0F22-6E99-4568-9561-E812B9AEEB87}.Debug|x86.ActiveCfg = Debug|Win32
		{0E7A0F22-6E99-4568-9561-E812B9AEEB87}.Debug|x86.Build.0 = Debug|Win32
		{0E7A0F22-6E99-4568-9561-E812B9AEEB87}.Release|x64.ActiveCfg = Release|x64
		{0E7A0F22-6E99-4568-9561-E812B9AEEB87}.Release|x64.Build.0 = Release|x64
		{0E7A0F22-6E99-4568-9561-E812B9AEEB87}.Release|x86.ActiveCfg = Release|Win32
		{0E7A0F22-6E99-4568-9561-E812B9AEEB87}.Release|x86.Build.0 = Release|Win32
		{42E07980-740E-437D-9829-4A4961989176}.Debug|x64.ActiveCfg = Debug|x64
		{42E07980-740E-437D-9829-4A4961989176}.Debug|x64.Build.0 = Debug|x64
		{42E07980-740E-437D-9829-4A4961989176}.Debug|x86.ActiveCfg = Debug|Win32
		{42E07980-740E-437D-9829-4A4961989176}.Debug|x86.Build.0 = Debug|Win32
		{42E07980-740E-437D-9829-4A4961989176}.Release|x64.ActiveCfg = Release|x64
		{42E07980-740E-437D-9829-4A4961989176}.Release|x64.Build.0 = Release|x64
		{42E07980-740E-437D-9829-4A4961989176}.Release|x86.ActiveCfg = Release|Win32
		{42E07980-740E-437D-9829-4A4961989176}.Release|x86.Build.0 = Release|Win32
		{7E48B81F-F786-4D72-A07B-1722FACD7A0B}.Debug|x64.ActiveCfg = Debug|x64
		{7E48B81F-F786-4D72-A07B-1722FACD7A0B}.Debug|x64.Build.0 = Debug|x64
		{7E48B81F-F786-4D72-A07B-1722FACD7A0B}.Debug|x86.ActiveCfg = Debug|Win32
		{7E48B81F-F786-4D72-A07B-1722FACD7A0B}.Debug|x86.Build.0 = Debug|Win32
		{7E48B81F-F786-4D72-A07B-1722FACD7A0B}.Release|x64.ActiveCfg = Release|x64
		{7E48B81F-F786-4D72-A07B-1722FACD7A0B}.Release|x64.Build.0 = Release|x64
		{7E48B81F-F786-4D72-A07B-1722FACD7A0B}.Release|x86.ActiveCfg = Release|Win32
		{7E48B81F-F786-4D72-A07B-1722FACD7A0B}.Release|x86.Build.0 = Release|Win32
		{4929DF24-DFEC-479B-9EF8-024760772F01}.Debug|x64.ActiveCfg = Debug|x64
		{4929DF24-DFEC-479B-9EF8-024760772F01}.Debug|x64.Build.0 = Debug|x64
		{4929DF24-DFEC-479B-9EF8-024760772F01}.Debug|x86.ActiveCfg = Debug|Win32
		{4929DF24-DFEC-479B-9EF8-024760772F01}.Debug|x86.Build.0 = Debug|Win32
		{4929DF24-DFEC-479B-9EF8-024760772F01}.Release|x64.ActiveCfg = Release|x64
		{4929DF24-DFEC-479B-9EF8-024760772F01}.Release|x64.Build.0 = Release|x64
		{4929DF24-DFEC-479B-9EF8-024760772F01}.Release|x86.ActiveCfg = Release|Win32
		{4929DF24-DFEC-479B-9EF8-024760772F01}.Release|x86.Build.0 = Release|Win32
		{5C870386-688E-402E-9593-2D3F42DA27AD}.Debug|x64.ActiveCfg = Debug|x64
		{5C870386-688E-402E-9593-2D3F42DA27AD}.Debug|x64.Build.0 = Debug|x64
		{5C870386-688E-402E-9593-2D3F42DA27AD}.Debug|x86.ActiveCfg = Debug|Win32
		{5C870386-688E-402E-9593-2D3F42DA27AD}.Debug|x86.Build.0 = Debug|Win32
		{5C870386-688E-402E-9593-2D3F42DA27AD}.Release|x64.ActiveCfg = Release|x64
		{5C870386-688E-402E-9593-2D3F42DA27AD}.Release|x64.Build.0 = Release|x64
		{5C870386-688E-402E-9593-2D3F42DA27AD}.Release|x86.ActiveCfg = Release|Win32
		{5C870386-688E-402E-9593-2D3F42DA27AD}.Release|x86.Build.0 = Release|Win32
	EndGlobalSection
	GlobalSection(SolutionProperties) = preSolution
		HideSolutionNode = FALSE
	EndGlobalSection
	GlobalSection(ExtensibilityGlobals) = postSolution
		SolutionGuid = {C226A260-0546-4DE1-80B5-240DA3D2AEF5}
	EndGlobalSection
EndGlobal
